
Microsoft Visual Studio Solution File, Format Version 12.00
# Visual Studio Version 16
VisualStudioVersion = 16.0.29215.179
MinimumVisualStudioVersion = 10.0.40219.1
Project("{9A19103F-16F7-4668-BE54-9A1E7A4F7556}") = "WSSClient", "WSSClient.csproj", "{77CE7A24-BBFA-457D-B45D-7FB799FB9EB3}"
EndProject
Global
	GlobalSection(SolutionConfigurationPlatforms) = preSolution
		Debug|Any CPU = Debug|Any CPU
		Release|Any CPU = Release|Any CPU
	EndGlobalSection
	GlobalSection(ProjectConfigurationPlatforms) = postSolution
		{77CE7A24-BBFA-457D-B45D-7FB799FB9EB3}.Debug|Any CPU.ActiveCfg = Debug|Any CPU
		{77CE7A24-BBFA-457D-B45D-7FB799FB9EB3}.Debug|Any CPU.Build.0 = Debug|Any CPU
		{77CE7A24-BBFA-457D-B45D-7FB799FB9EB3}.Release|Any CPU.ActiveCfg = Release|Any CPU
		{77CE7A24-BBFA-457D-B45D-7FB799FB9EB3}.Release|Any CPU.Build.0 = Release|Any CPU
	EndGlobalSection
	GlobalSection(SolutionProperties) = preSolution
		HideSolutionNode = FALSE
	EndGlobalSection
	GlobalSection(ExtensibilityGlobals) = postSolution
		SolutionGuid = {775B23B8-2D30-4E12-8689-F638218C0F05}
	EndGlobalSection
EndGlobal
